
Microsoft Visual Studio Solution File, Format Version 12.00
# Visual Studio 15
VisualStudioVersion = 15.0.28010.2036
MinimumVisualStudioVersion = 10.0.40219.1
Project("{8BC9CEB8-8B4A-11D0-8D11-00A0C91BC942}") = "Lesson 4", "Lesson 4\Lesson 4.vcxproj", "{2330150D-B4E4-416F-B5E3-36DC4FB3F48C}"
EndProject
Project("{8BC9CEB8-8B4A-11D0-8D11-00A0C91BC942}") = "Lesson 3", "Lesson 3\Lesson 3.vcxproj", "{46609782-C9D7-4200-90DE-CF9D0C6FEE7F}"
EndProject
Project("{8BC9CEB8-8B4A-11D0-8D11-00A0C91BC942}") = "Lesson 2", "Lesson 2\Lesson 2.vcxproj", "{3C1FAD4A-01D8-4094-8EEE-78B7654A1D0C}"
EndProject
Project("{8BC9CEB8-8B4A-11D0-8D11-00A0C91BC942}") = "Lesson 5", "Lesson 5\Lesson 5.vcxproj", "{47F97952-3CA1-498B-8CB9-A7EDF71AC58C}"
EndProject
Project("{8BC9CEB8-8B4A-11D0-8D11-00A0C91BC942}") = "Lesson 6", "Lesson 6\Lesson 6.vcxproj", "{09684A09-159A-452F-95DC-0BB8F4063B21}"
EndProject
Project("{8BC9CEB8-8B4A-11D0-8D11-00A0C91BC942}") = "Lesson 7", "Lesson 7\Lesson 7.vcxproj", "{ABA3D598-9787-45A4-89A7-4E653519E31C}"
EndProject
Global
	GlobalSection(SolutionConfigurationPlatforms) = preSolution
		Debug|x64 = Debug|x64
		Debug|x86 = Debug|x86
		Release|x64 = Release|x64
		Release|x86 = Release|x86
	EndGlobalSection
	GlobalSection(ProjectConfigurationPlatforms) = postSolution
		{2330150D-B4E4-416F-B5E3-36DC4FB3F48C}.Debug|x64.ActiveCfg = Debug|x64
		{2330150D-B4E4-416F-B5E3-36DC4FB3F48C}.Debug|x64.Build.0 = Debug|x64
		{2330150D-B4E4-416F-B5E3-36DC4FB3F48C}.Debug|x86.ActiveCfg = Debug|Win32
		{2330150D-B4E4-416F-B5E3-36DC4FB3F48C}.Debug|x86.Build.0 = Debug|Win32
		{2330150D-B4E4-416F-B5E3-36DC4FB3F48C}.Release|x64.ActiveCfg = Release|x64
		{2330150D-B4E4-416F-B5E3-36DC4FB3F48C}.Release|x64.Build.0 = Release|x64
		{2330150D-B4E4-416F-B5E3-36DC4FB3F48C}.Release|x86.ActiveCfg = Release|Win32
		{2330150D-B4E4-416F-B5E3-36DC4FB3F48C}.Release|x86.Build.0 = Release|Win32
		{46609782-C9D7-4200-90DE-CF9D0C6FEE7F}.Debug|x64.ActiveCfg = Debug|x64
		{46609782-C9D7-4200-90DE-CF9D0C6FEE7F}.Debug|x64.Build.0 = Debug|x64
		{46609782-C9D7-4200-90DE-CF9D0C6FEE7F}.Debug|x86.ActiveCfg = Debug|Win32
		{46609782-C9D7-4200-90DE-CF9D0C6FEE7F}.Debug|x86.Build.0 = Debug|Win32
		{46609782-C9D7-4200-90DE-CF9D0C6FEE7F}.Release|x64.ActiveCfg = Release|x64
		{46609782-C9D7-4200-90DE-CF9D0C6FEE7F}.Release|x64.Build.0 = Release|x64
		{46609782-C9D7-4200-90DE-CF9D0C6FEE7F}.Release|x86.ActiveCfg = Release|Win32
		{46609782-C9D7-4200-90DE-CF9D0C6FEE7F}.Release|x86.Build.0 = Release|Win32
		{3C1FAD4A-01D8-4094-8EEE-78B7654A1D0C}.Debug|x64.ActiveCfg = Debug|x64
		{3C1FAD4A-01D8-4094-8EEE-78B7654A1D0C}.Debug|x64.Build.0 = Debug|x64
		{3C1FAD4A-01D8-4094-8EEE-78B7654A1D0C}.Debug|x86.ActiveCfg = Debug|Win32
		{3C1FAD4A-01D8-4094-8EEE-78B7654A1D0C}.Debug|x86.Build.0 = Debug|Win32
		{3C1FAD4A-01D8-4094-8EEE-78B7654A1D0C}.Release|x64.ActiveCfg = Release|x64
		{3C1FAD4A-01D8-4094-8EEE-78B7654A1D0C}.Release|x64.Build.0 = Release|x64
		{3C1FAD4A-01D8-4094-8EEE-78B7654A1D0C}.Release|x86.ActiveCfg = Release|Win32
		{3C1FAD4A-01D8-4094-8EEE-78B7654A1D0C}.Release|x86.Build.0 = Release|Win32
		{47F97952-3CA1-498B-8CB9-A7EDF71AC58C}.Debug|x64.ActiveCfg = Debug|x64
		{47F97952-3CA1-498B-8CB9-A7EDF71AC58C}.Debug|x64.Build.0 = Debug|x64
		{47F97952-3CA1-498B-8CB9-A7EDF71AC58C}.Debug|x86.ActiveCfg = Debug|Win32
		{47F97952-3CA1-498B-8CB9-A7EDF71AC58C}.Debug|x86.Build.0 = Debug|Win32
		{47F97952-3CA1-498B-8CB9-A7EDF71AC58C}.Release|x64.ActiveCfg = Release|x64
		{47F97952-3CA1-498B-8CB9-A7EDF71AC58C}.Release|x64.Build.0 = Release|x64
		{47F97952-3CA1-498B-8CB9-A7EDF71AC58C}.Release|x86.ActiveCfg = Release|Win32
		{47F97952-3CA1-498B-8CB9-A7EDF71AC58C}.Release|x86.Build.0 = Release|Win32
		{09684A09-159A-452F-95DC-0BB8F4063B21}.Debug|x64.ActiveCfg = Debug|x64
		{09684A09-159A-452F-95DC-0BB8F4063B21}.Debug|x64.Build.0 = Debug|x64
		{09684A09-159A-452F-95DC-0BB8F4063B21}.Debug|x86.ActiveCfg = Debug|Win32
		{09684A09-159A-452F-95DC-0BB8F4063B21}.Debug|x86.Build.0 = Debug|Win32
		{09684A09-159A-452F-95DC-0BB8F4063B21}.Release|x64.ActiveCfg = Release|x64
		{09684A09-159A-452F-95DC-0BB8F4063B21}.Release|x64.Build.0 = Release|x64
		{09684A09-159A-452F-95DC-0BB8F4063B21}.Release|x86.ActiveCfg = Release|Win32
		{09684A09-159A-452F-95DC-0BB8F4063B21}.Release|x86.Build.0 = Release|Win32
		{ABA3D598-9787-45A4-89A7-4E653519E31C}.Debug|x64.ActiveCfg = Debug|x64
		{ABA3D598-9787-45A4-89A7-4E653519E31C}.Debug|x64.Build.0 = Debug|x64
		{ABA3D598-9787-45A4-89A7-4E653519E31C}.Debug|x86.ActiveCfg = Debug|Win32
		{ABA3D598-9787-45A4-89A7-4E653519E31C}.Debug|x86.Build.0 = Debug|Win32
		{ABA3D598-9787-45A4-89A7-4E653519E31C}.Release|x64.ActiveCfg = Release|x64
		{ABA3D598-9787-45A4-89A7-4E653519E31C}.Release|x64.Build.0 = Release|x64
		{ABA3D598-9787-45A4-89A7-4E653519E31C}.Release|x86.ActiveCfg = Release|Win32
		{ABA3D598-9787-45A4-89A7-4E653519E31C}.Release|x86.Build.0 = Release|Win32
	EndGlobalSection
	GlobalSection(SolutionProperties) = preSolution
		HideSolutionNode = FALSE
	EndGlobalSection
	GlobalSection(ExtensibilityGlobals) = postSolution
		SolutionGuid = {E658E113-8E7C-4E45-902C-F6A8A2540E78}
	EndGlobalSection
EndGlobal
